{
  "requires": true,
  "lockfileVersion": 1,
  "dependencies": {
    "agora-rtc-sdk": {
      "version": "3.2.3",
      "resolved": "https://registry.npmjs.org/agora-rtc-sdk/-/agora-rtc-sdk-3.2.3.tgz",
      "integrity": "sha512-uB8MariNHbk9eddU2xQRGgJk0BHFRphGDXfKARv4Nq+6Onl9k9AGYJBBMi+yhBsMzYx3GxH9fic+MBT9XDpohQ=="
    }
  }
}
